
Microsoft Visual Studio Solution File, Format Version 12.00
# Visual Studio Version 16
VisualStudioVersion = 16.0.30413.136
MinimumVisualStudioVersion = 10.0.40219.1
Project("{FAE04EC0-301F-11D3-BF4B-00C04F79EFBC}") = "matchingGame", "matchingGame.csproj", "{600F656C-9637-42C5-B3AE-F7BA0F325277}"
EndProject
Project("{54435603-DBB4-11D2-8724-00A0C9A8B90C}") = "Matching Game", "..\..\Matching Game\Matching Game.vdproj", "{13FE8B34-41BB-48D9-BD02-4A53942AECB2}"
EndProject
Global
	GlobalSection(SolutionConfigurationPlatforms) = preSolution
		Debug|Any CPU = Debug|Any CPU
		Release|Any CPU = Release|Any CPU
	EndGlobalSection
	GlobalSection(ProjectConfigurationPlatforms) = postSolution
		{600F656C-9637-42C5-B3AE-F7BA0F325277}.Debug|Any CPU.ActiveCfg = Debug|Any CPU
		{600F656C-9637-42C5-B3AE-F7BA0F325277}.Debug|Any CPU.Build.0 = Debug|Any CPU
		{600F656C-9637-42C5-B3AE-F7BA0F325277}.Release|Any CPU.ActiveCfg = Release|Any CPU
		{600F656C-9637-42C5-B3AE-F7BA0F325277}.Release|Any CPU.Build.0 = Release|Any CPU
		{13FE8B34-41BB-48D9-BD02-4A53942AECB2}.Debug|Any CPU.ActiveCfg = Debug
		{13FE8B34-41BB-48D9-BD02-4A53942AECB2}.Release|Any CPU.ActiveCfg = Release
	EndGlobalSection
	GlobalSection(SolutionProperties) = preSolution
		HideSolutionNode = FALSE
	EndGlobalSection
	GlobalSection(ExtensibilityGlobals) = postSolution
		SolutionGuid = {283FC14B-1FB9-4563-8945-174E6E89E687}
	EndGlobalSection
EndGlobal
